
Microsoft Visual Studio Solution File, Format Version 12.00
# Visual Studio Version 17
VisualStudioVersion = 17.8.34330.188
MinimumVisualStudioVersion = 10.0.40219.1
Project("{FAE04EC0-301F-11D3-BF4B-00C04F79EFBC}") = "superMarioRPGRemTextTool", "superMarioRPGRemTextTool.csproj", "{630DC447-E1FB-4385-8DB8-A47C5210ADA6}"
EndProject
Global
	GlobalSection(SolutionConfigurationPlatforms) = preSolution
		Debug|Any CPU = Debug|Any CPU
		Release|Any CPU = Release|Any CPU
	EndGlobalSection
	GlobalSection(ProjectConfigurationPlatforms) = postSolution
		{630DC447-E1FB-4385-8DB8-A47C5210ADA6}.Debug|Any CPU.ActiveCfg = Debug|Any CPU
		{630DC447-E1FB-4385-8DB8-A47C5210ADA6}.Debug|Any CPU.Build.0 = Debug|Any CPU
		{630DC447-E1FB-4385-8DB8-A47C5210ADA6}.Release|Any CPU.ActiveCfg = Release|Any CPU
		{630DC447-E1FB-4385-8DB8-A47C5210ADA6}.Release|Any CPU.Build.0 = Release|Any CPU
	EndGlobalSection
	GlobalSection(SolutionProperties) = preSolution
		HideSolutionNode = FALSE
	EndGlobalSection
	GlobalSection(ExtensibilityGlobals) = postSolution
		SolutionGuid = {DA2502C4-6384-40EC-A794-9482DCD0509A}
	EndGlobalSection
EndGlobal
